// !$*UTF8*$!
{
	archiveVersion = 1;
	classes = {
	};
	objectVersion = 50;
	objects = {

/* Begin PBXBuildFile section */
		88FCA4132155A34A006B7641 /* AppDelegate.swift in Sources */ = {isa = PBXBuildFile; fileRef = 88FCA4122155A34A006B7641 /* AppDelegate.swift */; };
		88FCA4152155A34A006B7641 /* ViewController.swift in Sources */ = {isa = PBXBuildFile; fileRef = 88FCA4142155A34A006B7641 /* ViewController.swift */; };
		88FCA4182155A34A006B7641 /* Main.storyboard in Resources */ = {isa = PBXBuildFile; fileRef = 88FCA4162155A34A006B7641 /* Main.storyboard */; };
		88FCA41A2155A34E006B7641 /* Assets.xcassets in Resources */ = {isa = PBXBuildFile; fileRef = 88FCA4192155A34E006B7641 /* Assets.xcassets */; };
		88FCA41D2155A34E006B7641 /* LaunchScreen.storyboard in Resources */ = {isa = PBXBuildFile; fileRef = 88FCA41B2155A34E006B7641 /* LaunchScreen.storyboard */; };
		88FCA4252155C4E3006B7641 /* Default-568h@2x.png in Resources */ = {isa = PBXBuildFile; fileRef = 88FCA4242155C4E3006B7641 /* Default-568h@2x.png */; };
		88FCA4282155C7C7006B7641 /* BounceButton.swift in Sources */ = {isa = PBXBuildFile; fileRef = 88FCA4272155C7C7006B7641 /* BounceButton.swift */; };
/* End PBXBuildFile section */

/* Begin PBXFileReference section */
		88FCA40F2155A34A006B7641 /* TapticCounter.app */ = {isa = PBXFileReference; explicitFileType = wrapper.application; includeInIndex = 0; path = TapticCounter.app; sourceTree = BUILT_PRODUCTS_DIR; };
		88FCA4122155A34A006B7641 /* AppDelegate.swift */ = {isa = PBXFileReference; lastKnownFileType = sourcecode.swift; path = AppDelegate.swift; sourceTree = "<group>"; };
		88FCA4142155A34A006B7641 /* ViewController.swift */ = {isa = PBXFileReference; lastKnownFileType = sourcecode.swift; path = ViewController.swift; sourceTree = "<group>"; };
		88FCA4172155A34A006B7641 /* Base */ = {isa = PBXFileReference; lastKnownFileType = file.storyboard; name = Base; path = Base.lproj/Main.storyboard; sourceTree = "<group>"; };
		88FCA4192155A34E006B7641 /* Assets.xcassets */ = {isa = PBXFileReference; lastKnownFileType = folder.assetcatalog; path = Assets.xcassets; sourceTree = "<group>"; };
		88FCA41C2155A34E006B7641 /* Base */ = {isa = PBXFileReference; lastKnownFileType = file.storyboard; name = Base; path = Base.lproj/LaunchScreen.storyboard; sourceTree = "<group>"; };
		88FCA41E2155A34E006B7641 /* Info.plist */ = {isa = PBXFileReference; lastKnownFileType = text.plist.xml; name = Info.plist; path = "/Users/josephward/Documents/SWIFTDEV/30 Days/Day-10 Taptic counter/TapticCounter/TapticCounter/Info.plist"; sourceTree = "<absolute>"; };
		88FCA4242155C4E3006B7641 /* Default-568h@2x.png */ = {isa = PBXFileReference; lastKnownFileType = image.png; path = "Default-568h@2x.png"; sourceTree = "<group>"; };
		88FCA4272155C7C7006B7641 /* BounceButton.swift */ = {isa = PBXFileReference; lastKnownFileType = sourcecode.swift; path = BounceButton.swift; sourceTree = "<group>"; };
/* End PBXFileReference section */

/* Begin PBXFrameworksBuildPhase section */
		88FCA40C2155A34A006B7641 /* Frameworks */ = {
			isa = PBXFrameworksBuildPhase;
			buildActionMask = 2147483647;
			files = (
			);
			runOnlyForDeploymentPostprocessing = 0;
		};
/* End PBXFrameworksBuildPhase section */

/* Begin PBXGroup section */
		88FCA4062155A34A006B7641 = {
			isa = PBXGroup;
			children = (
				88FCA4242155C4E3006B7641 /* Default-568h@2x.png */,
				88FCA4112155A34A006B7641 /* TapticCounter */,
				88FCA4102155A34A006B7641 /* Products */,
			);
			sourceTree = "<group>";
		};
		88FCA4102155A34A006B7641 /* Products */ = {
			isa = PBXGroup;
			children = (
				88FCA40F2155A34A006B7641 /* TapticCounter.app */,
			);
			name = Products;
			sourceTree = "<group>";
		};
		88FCA4112155A34A006B7641 /* TapticCounter */ = {
			isa = PBXGroup;
			children = (
				88FCA4122155A34A006B7641 /* AppDelegate.swift */,
				88FCA4142155A34A006B7641 /* ViewController.swift */,
				88FCA4162155A34A006B7641 /* Main.storyboard */,
				88FCA4192155A34E006B7641 /* Assets.xcassets */,
				88FCA41E2155A34E006B7641 /* Info.plist */,
				88FCA41B2155A34E006B7641 /* LaunchScreen.storyboard */,
				88FCA4272155C7C7006B7641 /* BounceButton.swift */,
			);
			name = TapticCounter;
			path = "/Users/josephward/Documents/SWIFTDEV/30 Days/Day-10 Taptic counter/TapticCounter/TapticCounter";
			sourceTree = "<absolute>";
		};
/* End PBXGroup section */

/* Begin PBXNativeTarget section */
		88FCA40E2155A34A006B7641 /* TapticCounter */ = {
			isa = PBXNativeTarget;
			buildConfigurationList = 88FCA4212155A34E006B7641 /* Build configuration list for PBXNativeTarget "TapticCounter" */;
			buildPhases = (
				88FCA40B2155A34A006B7641 /* Sources */,
				88FCA40C2155A34A006B7641 /* Frameworks */,
				88FCA40D2155A34A006B7641 /* Resources */,
			);
			buildRules = (
			);
			dependencies = (
			);
			name = TapticCounter;
			productName = HapticCounter;
			productReference = 88FCA40F2155A34A006B7641 /* TapticCounter.app */;
			productType = "com.apple.product-type.application";
		};
/* End PBXNativeTarget section */

/* Begin PBXProject section */
		88FCA4072155A34A006B7641 /* Project object */ = {
			isa = PBXProject;
			attributes = {
				LastSwiftUpdateCheck = 1000;
				LastUpgradeCheck = 1000;
				ORGANIZATIONNAME = Joethermal;
				TargetAttributes = {
					88FCA40E2155A34A006B7641 = {
						CreatedOnToolsVersion = 10.0;
					};
				};
			};
			buildConfigurationList = 88FCA40A2155A34A006B7641 /* Build configuration list for PBXProject "TapticCounter" */;
			compatibilityVersion = "Xcode 9.3";
			developmentRegion = en;
			hasScannedForEncodings = 0;
			knownRegions = (
				en,
				Base,
			);
			mainGroup = 88FCA4062155A34A006B7641;
			productRefGroup = 88FCA4102155A34A006B7641 /* Products */;
			projectDirPath = "";
			projectRoot = "";
			targets = (
				88FCA40E2155A34A006B7641 /* TapticCounter */,
			);
		};
/* End PBXProject section */

/* Begin PBXResourcesBuildPhase section */
		88FCA40D2155A34A006B7641 /* Resources */ = {
			isa = PBXResourcesBuildPhase;
			buildActionMask = 2147483647;
			files = (
				88FCA41D2155A34E006B7641 /* LaunchScreen.storyboard in Resources */,
				88FCA4252155C4E3006B7641 /* Default-568h@2x.png in Resources */,
				88FCA41A2155A34E006B7641 /* Assets.xcassets in Resources */,
				88FCA4182155A34A006B7641 /* Main.storyboard in Resources */,
			);
			runOnlyForDeploymentPostprocessing = 0;
		};
/* End PBXResourcesBuildPhase section */

/* Begin PBXSourcesBuildPhase section */
		88FCA40B2155A34A006B7641 /* Sources */ = {
			isa = PBXSourcesBuildPhase;
			buildActionMask = 2147483647;
			files = (
				88FCA4152155A34A006B7641 /* ViewController.swift in Sources */,
				88FCA4132155A34A006B7641 /* AppDelegate.swift in Sources */,
				88FCA4282155C7C7006B7641 /* BounceButton.swift in Sources */,
			);
			runOnlyForDeploymentPostprocessing = 0;
		};
/* End PBXSourcesBuildPhase section */

/* Begin PBXVariantGroup section */
		88FCA4162155A34A006B7641 /* Main.storyboard */ = {
			isa = PBXVariantGroup;
			children = (
				88FCA4172155A34A006B7641 /* Base */,
			);
			name = Main.storyboard;
			sourceTree = "<group>";
		};
		88FCA41B2155A34E006B7641 /* LaunchScreen.storyboard */ = {
			isa = PBXVariantGroup;
			children = (
				88FCA41C2155A34E006B7641 /* Base */,
			);
			name = LaunchScreen.storyboard;
			sourceTree = "<group>";
		};
/* End PBXVariantGroup section */

/* Begin XCBuildConfiguration section */
		88FCA41F2155A34E006B7641 /* Debug */ = {
			isa = XCBuildConfiguration;
			buildSettings = {
				ALWAYS_SEARCH_USER_PATHS = NO;
				CLANG_ANALYZER_NONNULL = YES;
				CLANG_ANALYZER_NUMBER_OBJECT_CONVERSION = YES_AGGRESSIVE;
				CLANG_CXX_LANGUAGE_STANDARD = "gnu++14";
				CLANG_CXX_LIBRARY = "libc++";
				CLANG_ENABLE_MODULES = YES;
				CLANG_ENABLE_OBJC_ARC = YES;
				CLANG_ENABLE_OBJC_WEAK = YES;
				CLANG_WARN_BLOCK_CAPTURE_AUTORELEASING = YES;
				CLANG_WARN_BOOL_CONVERSION = YES;
				CLANG_WARN_COMMA = YES;
				CLANG_WARN_CONSTANT_CONVERSION = YES;
				CLANG_WARN_DEPRECATED_OBJC_IMPLEMENTATIONS = YES;
				CLANG_WARN_DIRECT_OBJC_ISA_USAGE = YES_ERROR;
				CLANG_WARN_DOCUMENTATION_COMMENTS = YES;
				CLANG_WARN_EMPTY_BODY = YES;
				CLANG_WARN_ENUM_CONVERSION = YES;
				CLANG_WARN_INFINITE_RECURSION = YES;
				CLANG_WARN_INT_CONVERSION = YES;
				CLANG_WARN_NON_LITERAL_NULL_CONVERSION = YES;
				CLANG_WARN_OBJC_IMPLICIT_RETAIN_SELF = YES;
				CLANG_WARN_OBJC_LITERAL_CONVERSION = YES;
				CLANG_WARN_OBJC_ROOT_CLASS = YES_ERROR;
				CLANG_WARN_RANGE_LOOP_ANALYSIS = YES;
				CLANG_WARN_STRICT_PROTOTYPES = YES;
				CLANG_WARN_SUSPICIOUS_MOVE = YES;
				CLANG_WARN_UNGUARDED_AVAILABILITY = YES_AGGRESSIVE;
				CLANG_WARN_UNREACHABLE_CODE = YES;
				CLANG_WARN__DUPLICATE_METHOD_MATCH = YES;
				CODE_SIGN_IDENTITY = "iPhone Developer";
				COPY_PHASE_STRIP = NO;
				DEBUG_INFORMATION_FORMAT = dwarf;
				ENABLE_STRICT_OBJC_MSGSEND = YES;
				ENABLE_TESTABILITY = YES;
				GCC_C_LANGUAGE_STANDARD = gnu11;
				GCC_DYNAMIC_NO_PIC = NO;
				GCC_NO_COMMON_BLOCKS = YES;
				GCC_OPTIMIZATION_LEVEL = 0;
				GCC_PREPROCESSOR_DEFINITIONS = (
					"DEBUG=1",
					"$(inherited)",
				);
				GCC_WARN_64_TO_32_BIT_CONVERSION = YES;
				GCC_WARN_ABOUT_RETURN_TYPE = YES_ERROR;
				GCC_WARN_UNDECLARED_SELECTOR = YES;
				GCC_WARN_UNINITIALIZED_AUTOS = YES_AGGRESSIVE;
				GCC_WARN_UNUSED_FUNCTION = YES;
				GCC_WARN_UNUSED_VARIABLE = YES;
				IPHONEOS_DEPLOYMENT_TARGET = 12.0;
				MTL_ENABLE_DEBUG_INFO = INCLUDE_SOURCE;
				MTL_FAST_MATH = YES;
				ONLY_ACTIVE_ARCH = YES;
				SDKROOT = iphoneos;
				SWIFT_ACTIVE_COMPILATION_CONDITIONS = DEBUG;
				SWIFT_OPTIMIZATION_LEVEL = "-Onone";
			};
			name = Debug;
		};
		88FCA4202155A34E006B7641 /* Release */ = {
			isa = XCBuildConfiguration;
			buildSettings = {
				ALWAYS_SEARCH_USER_PATHS = NO;
				CLANG_ANALYZER_NONNULL = YES;
				CLANG_ANALYZER_NUMBER_OBJECT_CONVERSION = YES_AGGRESSIVE;
				CLANG_CXX_LANGUAGE_STANDARD = "gnu++14";
				CLANG_CXX_LIBRARY = "libc++";
				CLANG_ENABLE_MODULES = YES;
				CLANG_ENABLE_OBJC_ARC = YES;
				CLANG_ENABLE_OBJC_WEAK = YES;
				CLANG_WARN_BLOCK_CAPTURE_AUTORELEASING = YES;
				CLANG_WARN_BOOL_CONVERSION = YES;
				CLANG_WARN_COMMA = YES;
				CLANG_WARN_CONSTANT_CONVERSION = YES;
				CLANG_WARN_DEPRECATED_OBJC_IMPLEMENTATIONS = YES;
				CLANG_WARN_DIRECT_OBJC_ISA_USAGE = YES_ERROR;
				CLANG_WARN_DOCUMENTATION_COMMENTS = YES;
				CLANG_WARN_EMPTY_BODY = YES;
				CLANG_WARN_ENUM_CONVERSION = YES;
				CLANG_WARN_INFINITE_RECURSION = YES;
				CLANG_WARN_INT_CONVERSION = YES;
				CLANG_WARN_NON_LITERAL_NULL_CONVERSION = YES;
				CLANG_WARN_OBJC_IMPLICIT_RETAIN_SELF = YES;
				CLANG_WARN_OBJC_LITERAL_CONVERSION = YES;
				CLANG_WARN_OBJC_ROOT_CLASS = YES_ERROR;
				CLANG_WARN_RANGE_LOOP_ANALYSIS = YES;
				CLANG_WARN_STRICT_PROTOTYPES = YES;
				CLANG_WARN_SUSPICIOUS_MOVE = YES;
				CLANG_WARN_UNGUARDED_AVAILABILITY = YES_AGGRESSIVE;
				CLANG_WARN_UNREACHABLE_CODE = YES;
				CLANG_WARN__DUPLICATE_METHOD_MATCH = YES;
				CODE_SIGN_IDENTITY = "iPhone Developer";
				COPY_PHASE_STRIP = NO;
				DEBUG_INFORMATION_FORMAT = "dwarf-with-dsym";
				ENABLE_NS_ASSERTIONS = NO;
				ENABLE_STRICT_OBJC_MSGSEND = YES;
				GCC_C_LANGUAGE_STANDARD = gnu11;
				GCC_NO_COMMON_BLOCKS = YES;
				GCC_WARN_64_TO_32_BIT_CONVERSION = YES;
				GCC_WARN_ABOUT_RETURN_TYPE = YES_ERROR;
				GCC_WARN_UNDECLARED_SELECTOR = YES;
				GCC_WARN_UNINITIALIZED_AUTOS = YES_AGGRESSIVE;
				GCC_WARN_UNUSED_FUNCTION = YES;
				GCC_WARN_UNUSED_VARIABLE = YES;
				IPHONEOS_DEPLOYMENT_TARGET = 12.0;
				MTL_ENABLE_DEBUG_INFO = NO;
				MTL_FAST_MATH = YES;
				SDKROOT = iphoneos;
				SWIFT_COMPILATION_MODE = wholemodule;
				SWIFT_OPTIMIZATION_LEVEL = "-O";
				VALIDATE_PRODUCT = YES;
			};
			name = Release;
		};
		88FCA4222155A34E006B7641 /* Debug */ = {
			isa = XCBuildConfiguration;
			buildSettings = {
				ASSETCATALOG_COMPILER_APPICON_NAME = AppIcon;
				CODE_SIGN_STYLE = Automatic;
				DEVELOPMENT_TEAM = 6SKKXTGX6L;
				INFOPLIST_FILE = "$(SRCROOT)/TapticCounter/Info.plist";
				LD_RUNPATH_SEARCH_PATHS = (
					"$(inherited)",
					"@executable_path/Frameworks",
				);
				PRODUCT_BUNDLE_IDENTIFIER = com.joethermal.TapticCounter;
				PRODUCT_NAME = "$(TARGET_NAME)";
				SWIFT_VERSION = 4.2;
				TARGETED_DEVICE_FAMILY = "1,2";
			};
			name = Debug;
		};
		88FCA4232155A34E006B7641 /* Release */ = {
			isa = XCBuildConfiguration;
			buildSettings = {
				ASSETCATALOG_COMPILER_APPICON_NAME = AppIcon;
				CODE_SIGN_STYLE = Automatic;
				DEVELOPMENT_TEAM = 6SKKXTGX6L;
				INFOPLIST_FILE = "$(SRCROOT)/TapticCounter/Info.plist";
				LD_RUNPATH_SEARCH_PATHS = (
					"$(inherited)",
					"@executable_path/Frameworks",
				);
				PRODUCT_BUNDLE_IDENTIFIER = com.joethermal.TapticCounter;
				PRODUCT_NAME = "$(TARGET_NAME)";
				SWIFT_VERSION = 4.2;
				TARGETED_DEVICE_FAMILY = "1,2";
			};
			name = Release;
		};
/* End XCBuildConfiguration section */

/* Begin XCConfigurationList section */
		88FCA40A2155A34A006B7641 /* Build configuration list for PBXProject "TapticCounter" */ = {
			isa = XCConfigurationList;
			buildConfigurations = (
				88FCA41F2155A34E006B7641 /* Debug */,
				88FCA4202155A34E006B7641 /* Release */,
			);
			defaultConfigurationIsVisible = 0;
			defaultConfigurationName = Release;
		};
		88FCA4212155A34E006B7641 /* Build configuration list for PBXNativeTarget "TapticCounter" */ = {
			isa = XCConfigurationList;
			buildConfigurations = (
				88FCA4222155A34E006B7641 /* Debug */,
				88FCA4232155A34E006B7641 /* Release */,
			);
			defaultConfigurationIsVisible = 0;
			defaultConfigurationName = Release;
		};
/* End XCConfigurationList section */
	};
	rootObject = 88FCA4072155A34A006B7641 /* Project object */;
}
